
Microsoft Visual Studio Solution File, Format Version 12.00
# Visual Studio Version 17
VisualStudioVersion = 17.10.35013.160
MinimumVisualStudioVersion = 10.0.40219.1
Project("{FAE04EC0-301F-11D3-BF4B-00C04F79EFBC}") = "PrimeiroPrograma", "PrimeiroPrograma.csproj", "{8CF9E89E-F856-4E2A-8BCE-1D6A9B94B1E2}"
EndProject
Global
	GlobalSection(SolutionConfigurationPlatforms) = preSolution
		Debug|Any CPU = Debug|Any CPU
		Release|Any CPU = Release|Any CPU
	EndGlobalSection
	GlobalSection(ProjectConfigurationPlatforms) = postSolution
		{8CF9E89E-F856-4E2A-8BCE-1D6A9B94B1E2}.Debug|Any CPU.ActiveCfg = Debug|Any CPU
		{8CF9E89E-F856-4E2A-8BCE-1D6A9B94B1E2}.Debug|Any CPU.Build.0 = Debug|Any CPU
		{8CF9E89E-F856-4E2A-8BCE-1D6A9B94B1E2}.Release|Any CPU.ActiveCfg = Release|Any CPU
		{8CF9E89E-F856-4E2A-8BCE-1D6A9B94B1E2}.Release|Any CPU.Build.0 = Release|Any CPU
	EndGlobalSection
	GlobalSection(SolutionProperties) = preSolution
		HideSolutionNode = FALSE
	EndGlobalSection
	GlobalSection(ExtensibilityGlobals) = postSolution
		SolutionGuid = {FD73CEFF-B3A2-42F1-8291-C954C96118A6}
	EndGlobalSection
EndGlobal
