
Microsoft Visual Studio Solution File, Format Version 12.00
# Visual Studio Version 17
VisualStudioVersion = 17.10.35013.160
MinimumVisualStudioVersion = 10.0.40219.1
Project("{FAE04EC0-301F-11D3-BF4B-00C04F79EFBC}") = "RC_low_pass_calc", "RC_low_pass_calc.csproj", "{292ABF88-1B12-43F6-903A-971EA6EEFF9A}"
EndProject
Global
	GlobalSection(SolutionConfigurationPlatforms) = preSolution
		Debug|Any CPU = Debug|Any CPU
		Release|Any CPU = Release|Any CPU
	EndGlobalSection
	GlobalSection(ProjectConfigurationPlatforms) = postSolution
		{292ABF88-1B12-43F6-903A-971EA6EEFF9A}.Debug|Any CPU.ActiveCfg = Debug|Any CPU
		{292ABF88-1B12-43F6-903A-971EA6EEFF9A}.Debug|Any CPU.Build.0 = Debug|Any CPU
		{292ABF88-1B12-43F6-903A-971EA6EEFF9A}.Release|Any CPU.ActiveCfg = Release|Any CPU
		{292ABF88-1B12-43F6-903A-971EA6EEFF9A}.Release|Any CPU.Build.0 = Release|Any CPU
	EndGlobalSection
	GlobalSection(SolutionProperties) = preSolution
		HideSolutionNode = FALSE
	EndGlobalSection
	GlobalSection(ExtensibilityGlobals) = postSolution
		SolutionGuid = {223796D0-7904-45F3-A8F0-1D663471A744}
	EndGlobalSection
EndGlobal
